
Microsoft Visual Studio Solution File, Format Version 12.00
# Visual Studio Version 17
VisualStudioVersion = 17.7.34024.191
MinimumVisualStudioVersion = 10.0.40219.1
Project("{FAE04EC0-301F-11D3-BF4B-00C04F79EFBC}") = "ShopOnline.Api", "ShopOnline.Api\ShopOnline.Api.csproj", "{BE2BA7EF-05EA-4E11-AA86-602B37FADAF7}"
EndProject
Project("{FAE04EC0-301F-11D3-BF4B-00C04F79EFBC}") = "ShopOnline.Models", "ShopOnline.Models\ShopOnline.Models.csproj", "{9E879003-708E-46E1-AF93-31D20E7FAF10}"
EndProject
Project("{FAE04EC0-301F-11D3-BF4B-00C04F79EFBC}") = "ShopOnline.Web", "ShopOnline.Web\ShopOnline.Web.csproj", "{A210066E-9BC5-4808-808E-26FC0E27CF61}"
EndProject
Global
	GlobalSection(SolutionConfigurationPlatforms) = preSolution
		Debug|Any CPU = Debug|Any CPU
		Release|Any CPU = Release|Any CPU
	EndGlobalSection
	GlobalSection(ProjectConfigurationPlatforms) = postSolution
		{BE2BA7EF-05EA-4E11-AA86-602B37FADAF7}.Debug|Any CPU.ActiveCfg = Debug|Any CPU
		{BE2BA7EF-05EA-4E11-AA86-602B37FADAF7}.Debug|Any CPU.Build.0 = Debug|Any CPU
		{BE2BA7EF-05EA-4E11-AA86-602B37FADAF7}.Release|Any CPU.ActiveCfg = Release|Any CPU
		{BE2BA7EF-05EA-4E11-AA86-602B37FADAF7}.Release|Any CPU.Build.0 = Release|Any CPU
		{9E879003-708E-46E1-AF93-31D20E7FAF10}.Debug|Any CPU.ActiveCfg = Debug|Any CPU
		{9E879003-708E-46E1-AF93-31D20E7FAF10}.Debug|Any CPU.Build.0 = Debug|Any CPU
		{9E879003-708E-46E1-AF93-31D20E7FAF10}.Release|Any CPU.ActiveCfg = Release|Any CPU
		{9E879003-708E-46E1-AF93-31D20E7FAF10}.Release|Any CPU.Build.0 = Release|Any CPU
		{A210066E-9BC5-4808-808E-26FC0E27CF61}.Debug|Any CPU.ActiveCfg = Debug|Any CPU
		{A210066E-9BC5-4808-808E-26FC0E27CF61}.Debug|Any CPU.Build.0 = Debug|Any CPU
		{A210066E-9BC5-4808-808E-26FC0E27CF61}.Release|Any CPU.ActiveCfg = Release|Any CPU
		{A210066E-9BC5-4808-808E-26FC0E27CF61}.Release|Any CPU.Build.0 = Release|Any CPU
	EndGlobalSection
	GlobalSection(SolutionProperties) = preSolution
		HideSolutionNode = FALSE
	EndGlobalSection
	GlobalSection(ExtensibilityGlobals) = postSolution
		SolutionGuid = {BEE53403-26F2-4C81-BD2E-579F9646664A}
	EndGlobalSection
EndGlobal
