
Microsoft Visual Studio Solution File, Format Version 12.00
# Visual Studio Version 17
VisualStudioVersion = 17.0.31717.71
MinimumVisualStudioVersion = 10.0.40219.1
Project("{9A19103F-16F7-4668-BE54-9A1E7A4F7556}") = "ShopOnline.Web", "ShopOnline.Web.csproj", "{60F4A68C-6BD4-4784-B5E9-F32F8D90C5A4}"
EndProject
Global
	GlobalSection(SolutionConfigurationPlatforms) = preSolution
		Debug|Any CPU = Debug|Any CPU
		Release|Any CPU = Release|Any CPU
	EndGlobalSection
	GlobalSection(ProjectConfigurationPlatforms) = postSolution
		{60F4A68C-6BD4-4784-B5E9-F32F8D90C5A4}.Debug|Any CPU.ActiveCfg = Debug|Any CPU
		{60F4A68C-6BD4-4784-B5E9-F32F8D90C5A4}.Debug|Any CPU.Build.0 = Debug|Any CPU
		{60F4A68C-6BD4-4784-B5E9-F32F8D90C5A4}.Release|Any CPU.ActiveCfg = Release|Any CPU
		{60F4A68C-6BD4-4784-B5E9-F32F8D90C5A4}.Release|Any CPU.Build.0 = Release|Any CPU
	EndGlobalSection
	GlobalSection(SolutionProperties) = preSolution
		HideSolutionNode = FALSE
	EndGlobalSection
	GlobalSection(ExtensibilityGlobals) = postSolution
		SolutionGuid = {DE1FB091-0160-411E-A1E4-D26ACA939A61}
	EndGlobalSection
EndGlobal